
Microsoft Visual Studio Solution File, Format Version 12.00
# Visual Studio Version 17
VisualStudioVersion = 17.11.35222.181
MinimumVisualStudioVersion = 10.0.40219.1
Project("{FAE04EC0-301F-11D3-BF4B-00C04F79EFBC}") = "ScreenNavigation", "ScreenNavigation.csproj", "{A103368C-5B12-B442-90E4-924937480717}"
EndProject
Project("{FAE04EC0-301F-11D3-BF4B-00C04F79EFBC}") = "Game", "Game.csproj", "{C5878A10-F646-2D3A-1546-08C174E0BC73}"
EndProject
Project("{FAE04EC0-301F-11D3-BF4B-00C04F79EFBC}") = "Editor.Tests", "Editor.Tests.csproj", "{569D3246-087B-86F8-9414-908BAD7292A1}"
EndProject
Project("{FAE04EC0-301F-11D3-BF4B-00C04F79EFBC}") = "Runtime.Tests", "Runtime.Tests.csproj", "{32D3DFCF-80FA-BDD7-1A07-C0DDA03BFCA7}"
EndProject
Project("{2150E333-8FDC-42A3-9474-1A3956D46DE8}") = "Solution Items", "Solution Items", "{0C91EC5B-661F-4AD7-A9C1-34CB1531130F}"
	ProjectSection(SolutionItems) = preProject
		.editorconfig = .editorconfig
	EndProjectSection
EndProject
Global
	GlobalSection(SolutionConfigurationPlatforms) = preSolution
		Debug|Any CPU = Debug|Any CPU
		Release|Any CPU = Release|Any CPU
	EndGlobalSection
	GlobalSection(ProjectConfigurationPlatforms) = postSolution
		{A103368C-5B12-B442-90E4-924937480717}.Debug|Any CPU.ActiveCfg = Debug|Any CPU
		{A103368C-5B12-B442-90E4-924937480717}.Debug|Any CPU.Build.0 = Debug|Any CPU
		{A103368C-5B12-B442-90E4-924937480717}.Release|Any CPU.ActiveCfg = Release|Any CPU
		{A103368C-5B12-B442-90E4-924937480717}.Release|Any CPU.Build.0 = Release|Any CPU
		{C5878A10-F646-2D3A-1546-08C174E0BC73}.Debug|Any CPU.ActiveCfg = Debug|Any CPU
		{C5878A10-F646-2D3A-1546-08C174E0BC73}.Debug|Any CPU.Build.0 = Debug|Any CPU
		{C5878A10-F646-2D3A-1546-08C174E0BC73}.Release|Any CPU.ActiveCfg = Release|Any CPU
		{C5878A10-F646-2D3A-1546-08C174E0BC73}.Release|Any CPU.Build.0 = Release|Any CPU
		{569D3246-087B-86F8-9414-908BAD7292A1}.Debug|Any CPU.ActiveCfg = Debug|Any CPU
		{569D3246-087B-86F8-9414-908BAD7292A1}.Debug|Any CPU.Build.0 = Debug|Any CPU
		{569D3246-087B-86F8-9414-908BAD7292A1}.Release|Any CPU.ActiveCfg = Release|Any CPU
		{569D3246-087B-86F8-9414-908BAD7292A1}.Release|Any CPU.Build.0 = Release|Any CPU
		{32D3DFCF-80FA-BDD7-1A07-C0DDA03BFCA7}.Debug|Any CPU.ActiveCfg = Debug|Any CPU
		{32D3DFCF-80FA-BDD7-1A07-C0DDA03BFCA7}.Debug|Any CPU.Build.0 = Debug|Any CPU
		{32D3DFCF-80FA-BDD7-1A07-C0DDA03BFCA7}.Release|Any CPU.ActiveCfg = Release|Any CPU
		{32D3DFCF-80FA-BDD7-1A07-C0DDA03BFCA7}.Release|Any CPU.Build.0 = Release|Any CPU
	EndGlobalSection
	GlobalSection(SolutionProperties) = preSolution
		HideSolutionNode = FALSE
	EndGlobalSection
	GlobalSection(ExtensibilityGlobals) = postSolution
		SolutionGuid = {3FEF0B64-1C48-4E1F-BE42-CE5505EDA70D}
	EndGlobalSection
EndGlobal
